
Microsoft Visual Studio Solution File, Format Version 12.00
# Visual Studio 14
VisualStudioVersion = 14.0.25420.1
MinimumVisualStudioVersion = 10.0.40219.1
Project("{FAE04EC0-301F-11D3-BF4B-00C04F79EFBC}") = "VideoManager", "VideoManager\VideoManager.csproj", "{93FCAAD1-BEED-44B7-B422-B6ADE34AB33F}"
EndProject
Project("{FAE04EC0-301F-11D3-BF4B-00C04F79EFBC}") = "VMModels", "VMModels\VMModels.csproj", "{E29BF9BA-3E01-4E3C-9C28-B517075CE0B6}"
EndProject
Project("{FAE04EC0-301F-11D3-BF4B-00C04F79EFBC}") = "VMInterfaces", "VMInterfaces\VMInterfaces.csproj", "{6CC85F9F-A0E7-4DED-9E09-22DEC6D2CB5C}"
EndProject
Project("{FAE04EC0-301F-11D3-BF4B-00C04F79EFBC}") = "UploadCtrl", "UploadCtrl\UploadCtrl.csproj", "{887E5BE5-1FAE-47BE-954D-BD2855667DCA}"
EndProject
Project("{FAE04EC0-301F-11D3-BF4B-00C04F79EFBC}") = "Unity", "Unity\Unity.csproj", "{52730AD8-14B1-4D0F-8EED-A9AA18FC5CBB}"
EndProject
Project("{FAE04EC0-301F-11D3-BF4B-00C04F79EFBC}") = "AppGlobal", "AppGlobal\AppGlobal.csproj", "{EB59AA2B-FA0E-4076-A69A-E4906846AB01}"
EndProject
Project("{FAE04EC0-301F-11D3-BF4B-00C04F79EFBC}") = "Logger", "Logger\Logger.csproj", "{5E4C3064-8B71-4C43-8DB5-CA2328B19490}"
EndProject
Project("{FAE04EC0-301F-11D3-BF4B-00C04F79EFBC}") = "AccountCtrl2", "AccountCtrl2\AccountCtrl2.csproj", "{B4ECAE20-0CDC-419B-9F5C-66EBCFB4F2D0}"
EndProject
Project("{FAE04EC0-301F-11D3-BF4B-00C04F79EFBC}") = "AccountSelector", "AccountSelector\AccountSelector.csproj", "{50FA70D9-92DE-46E9-A164-D4D2625A1ECD}"
EndProject
Project("{FAE04EC0-301F-11D3-BF4B-00C04F79EFBC}") = "AssetMgr", "AssetMgr\AssetMgr.csproj", "{0D982C26-4D80-4175-9252-8B410E078BB5}"
EndProject
Project("{FAE04EC0-301F-11D3-BF4B-00C04F79EFBC}") = "FileShareCtrl", "FileShareCtrl\FileShareCtrl.csproj", "{219C4879-41B3-4658-9B1A-1CADCE05C54E}"
EndProject
Project("{FAE04EC0-301F-11D3-BF4B-00C04F79EFBC}") = "FileTreeCtrl", "FileTreeCtrl\FileTreeCtrl.csproj", "{3701971A-0C64-4278-B771-2A001149BA26}"
EndProject
Project("{FAE04EC0-301F-11D3-BF4B-00C04F79EFBC}") = "FileTreeCtrl2", "FileTreeCtrl2\FileTreeCtrl2.csproj", "{992282D3-585D-476C-B793-497C384ED944}"
EndProject
Project("{FAE04EC0-301F-11D3-BF4B-00C04F79EFBC}") = "WinReg", "WinReg\WinReg.csproj", "{97368F01-29D4-4BAD-9048-6766A3391938}"
EndProject
Project("{FAE04EC0-301F-11D3-BF4B-00C04F79EFBC}") = "MemoEditor", "MemoEditor\MemoEditor.csproj", "{168F6223-7977-4A0C-993C-CEFDAEB83D8F}"
EndProject
Project("{FAE04EC0-301F-11D3-BF4B-00C04F79EFBC}") = "MemoList", "MemoList\MemoList.csproj", "{E8822B04-5C88-4A05-8857-0C17E05CE38F}"
EndProject
Global
	GlobalSection(SolutionConfigurationPlatforms) = preSolution
		Debug|Any CPU = Debug|Any CPU
		Release|Any CPU = Release|Any CPU
	EndGlobalSection
	GlobalSection(ProjectConfigurationPlatforms) = postSolution
		{93FCAAD1-BEED-44B7-B422-B6ADE34AB33F}.Debug|Any CPU.ActiveCfg = Debug|Any CPU
		{93FCAAD1-BEED-44B7-B422-B6ADE34AB33F}.Debug|Any CPU.Build.0 = Debug|Any CPU
		{93FCAAD1-BEED-44B7-B422-B6ADE34AB33F}.Release|Any CPU.ActiveCfg = Release|Any CPU
		{93FCAAD1-BEED-44B7-B422-B6ADE34AB33F}.Release|Any CPU.Build.0 = Release|Any CPU
		{E29BF9BA-3E01-4E3C-9C28-B517075CE0B6}.Debug|Any CPU.ActiveCfg = Debug|Any CPU
		{E29BF9BA-3E01-4E3C-9C28-B517075CE0B6}.Debug|Any CPU.Build.0 = Debug|Any CPU
		{E29BF9BA-3E01-4E3C-9C28-B517075CE0B6}.Release|Any CPU.ActiveCfg = Release|Any CPU
		{E29BF9BA-3E01-4E3C-9C28-B517075CE0B6}.Release|Any CPU.Build.0 = Release|Any CPU
		{6CC85F9F-A0E7-4DED-9E09-22DEC6D2CB5C}.Debug|Any CPU.ActiveCfg = Debug|Any CPU
		{6CC85F9F-A0E7-4DED-9E09-22DEC6D2CB5C}.Debug|Any CPU.Build.0 = Debug|Any CPU
		{6CC85F9F-A0E7-4DED-9E09-22DEC6D2CB5C}.Release|Any CPU.ActiveCfg = Release|Any CPU
		{6CC85F9F-A0E7-4DED-9E09-22DEC6D2CB5C}.Release|Any CPU.Build.0 = Release|Any CPU
		{887E5BE5-1FAE-47BE-954D-BD2855667DCA}.Debug|Any CPU.ActiveCfg = Debug|Any CPU
		{887E5BE5-1FAE-47BE-954D-BD2855667DCA}.Debug|Any CPU.Build.0 = Debug|Any CPU
		{887E5BE5-1FAE-47BE-954D-BD2855667DCA}.Release|Any CPU.ActiveCfg = Release|Any CPU
		{887E5BE5-1FAE-47BE-954D-BD2855667DCA}.Release|Any CPU.Build.0 = Release|Any CPU
		{52730AD8-14B1-4D0F-8EED-A9AA18FC5CBB}.Debug|Any CPU.ActiveCfg = Debug|Any CPU
		{52730AD8-14B1-4D0F-8EED-A9AA18FC5CBB}.Debug|Any CPU.Build.0 = Debug|Any CPU
		{52730AD8-14B1-4D0F-8EED-A9AA18FC5CBB}.Release|Any CPU.ActiveCfg = Release|Any CPU
		{52730AD8-14B1-4D0F-8EED-A9AA18FC5CBB}.Release|Any CPU.Build.0 = Release|Any CPU
		{EB59AA2B-FA0E-4076-A69A-E4906846AB01}.Debug|Any CPU.ActiveCfg = Debug|Any CPU
		{EB59AA2B-FA0E-4076-A69A-E4906846AB01}.Debug|Any CPU.Build.0 = Debug|Any CPU
		{EB59AA2B-FA0E-4076-A69A-E4906846AB01}.Release|Any CPU.ActiveCfg = Release|Any CPU
		{EB59AA2B-FA0E-4076-A69A-E4906846AB01}.Release|Any CPU.Build.0 = Release|Any CPU
		{5E4C3064-8B71-4C43-8DB5-CA2328B19490}.Debug|Any CPU.ActiveCfg = Debug|Any CPU
		{5E4C3064-8B71-4C43-8DB5-CA2328B19490}.Debug|Any CPU.Build.0 = Debug|Any CPU
		{5E4C3064-8B71-4C43-8DB5-CA2328B19490}.Release|Any CPU.ActiveCfg = Release|Any CPU
		{5E4C3064-8B71-4C43-8DB5-CA2328B19490}.Release|Any CPU.Build.0 = Release|Any CPU
		{B4ECAE20-0CDC-419B-9F5C-66EBCFB4F2D0}.Debug|Any CPU.ActiveCfg = Debug|Any CPU
		{B4ECAE20-0CDC-419B-9F5C-66EBCFB4F2D0}.Debug|Any CPU.Build.0 = Debug|Any CPU
		{B4ECAE20-0CDC-419B-9F5C-66EBCFB4F2D0}.Release|Any CPU.ActiveCfg = Release|Any CPU
		{B4ECAE20-0CDC-419B-9F5C-66EBCFB4F2D0}.Release|Any CPU.Build.0 = Release|Any CPU
		{50FA70D9-92DE-46E9-A164-D4D2625A1ECD}.Debug|Any CPU.ActiveCfg = Debug|Any CPU
		{50FA70D9-92DE-46E9-A164-D4D2625A1ECD}.Debug|Any CPU.Build.0 = Debug|Any CPU
		{50FA70D9-92DE-46E9-A164-D4D2625A1ECD}.Release|Any CPU.ActiveCfg = Release|Any CPU
		{50FA70D9-92DE-46E9-A164-D4D2625A1ECD}.Release|Any CPU.Build.0 = Release|Any CPU
		{0D982C26-4D80-4175-9252-8B410E078BB5}.Debug|Any CPU.ActiveCfg = Debug|Any CPU
		{0D982C26-4D80-4175-9252-8B410E078BB5}.Debug|Any CPU.Build.0 = Debug|Any CPU
		{0D982C26-4D80-4175-9252-8B410E078BB5}.Release|Any CPU.ActiveCfg = Release|Any CPU
		{0D982C26-4D80-4175-9252-8B410E078BB5}.Release|Any CPU.Build.0 = Release|Any CPU
		{219C4879-41B3-4658-9B1A-1CADCE05C54E}.Debug|Any CPU.ActiveCfg = Debug|Any CPU
		{219C4879-41B3-4658-9B1A-1CADCE05C54E}.Debug|Any CPU.Build.0 = Debug|Any CPU
		{219C4879-41B3-4658-9B1A-1CADCE05C54E}.Release|Any CPU.ActiveCfg = Release|Any CPU
		{219C4879-41B3-4658-9B1A-1CADCE05C54E}.Release|Any CPU.Build.0 = Release|Any CPU
		{3701971A-0C64-4278-B771-2A001149BA26}.Debug|Any CPU.ActiveCfg = Debug|Any CPU
		{3701971A-0C64-4278-B771-2A001149BA26}.Debug|Any CPU.Build.0 = Debug|Any CPU
		{3701971A-0C64-4278-B771-2A001149BA26}.Release|Any CPU.ActiveCfg = Release|Any CPU
		{3701971A-0C64-4278-B771-2A001149BA26}.Release|Any CPU.Build.0 = Release|Any CPU
		{992282D3-585D-476C-B793-497C384ED944}.Debug|Any CPU.ActiveCfg = Debug|Any CPU
		{992282D3-585D-476C-B793-497C384ED944}.Debug|Any CPU.Build.0 = Debug|Any CPU
		{992282D3-585D-476C-B793-497C384ED944}.Release|Any CPU.ActiveCfg = Release|Any CPU
		{992282D3-585D-476C-B793-497C384ED944}.Release|Any CPU.Build.0 = Release|Any CPU
		{97368F01-29D4-4BAD-9048-6766A3391938}.Debug|Any CPU.ActiveCfg = Debug|Any CPU
		{97368F01-29D4-4BAD-9048-6766A3391938}.Debug|Any CPU.Build.0 = Debug|Any CPU
		{97368F01-29D4-4BAD-9048-6766A3391938}.Release|Any CPU.ActiveCfg = Release|Any CPU
		{97368F01-29D4-4BAD-9048-6766A3391938}.Release|Any CPU.Build.0 = Release|Any CPU
		{168F6223-7977-4A0C-993C-CEFDAEB83D8F}.Debug|Any CPU.ActiveCfg = Debug|Any CPU
		{168F6223-7977-4A0C-993C-CEFDAEB83D8F}.Debug|Any CPU.Build.0 = Debug|Any CPU
		{168F6223-7977-4A0C-993C-CEFDAEB83D8F}.Release|Any CPU.ActiveCfg = Release|Any CPU
		{168F6223-7977-4A0C-993C-CEFDAEB83D8F}.Release|Any CPU.Build.0 = Release|Any CPU
		{E8822B04-5C88-4A05-8857-0C17E05CE38F}.Debug|Any CPU.ActiveCfg = Debug|Any CPU
		{E8822B04-5C88-4A05-8857-0C17E05CE38F}.Debug|Any CPU.Build.0 = Debug|Any CPU
		{E8822B04-5C88-4A05-8857-0C17E05CE38F}.Release|Any CPU.ActiveCfg = Release|Any CPU
		{E8822B04-5C88-4A05-8857-0C17E05CE38F}.Release|Any CPU.Build.0 = Release|Any CPU
	EndGlobalSection
	GlobalSection(SolutionProperties) = preSolution
		HideSolutionNode = FALSE
	EndGlobalSection
EndGlobal
