
Microsoft Visual Studio Solution File, Format Version 12.00
# Visual Studio 14
VisualStudioVersion = 14.0.25420.1
MinimumVisualStudioVersion = 10.0.40219.1
Project("{FAE04EC0-301F-11D3-BF4B-00C04F79EFBC}") = "VideoManager", "VideoManager\VideoManager.csproj", "{93FCAAD1-BEED-44B7-B422-B6ADE34AB33F}"
EndProject
Project("{FAE04EC0-301F-11D3-BF4B-00C04F79EFBC}") = "VMModels", "VMModels\VMModels.csproj", "{E29BF9BA-3E01-4E3C-9C28-B517075CE0B6}"
EndProject
Project("{FAE04EC0-301F-11D3-BF4B-00C04F79EFBC}") = "VMInterfaces", "VMInterfaces\VMInterfaces.csproj", "{6CC85F9F-A0E7-4DED-9E09-22DEC6D2CB5C}"
EndProject
Project("{FAE04EC0-301F-11D3-BF4B-00C04F79EFBC}") = "UploadCtrl", "UploadCtrl\UploadCtrl.csproj", "{887E5BE5-1FAE-47BE-954D-BD2855667DCA}"
EndProject
Project("{FAE04EC0-301F-11D3-BF4B-00C04F79EFBC}") = "Unity", "Unity\Unity.csproj", "{52730AD8-14B1-4D0F-8EED-A9AA18FC5CBB}"
EndProject
Project("{FAE04EC0-301F-11D3-BF4B-00C04F79EFBC}") = "AppGlobal", "AppGlobal\AppGlobal.csproj", "{EB59AA2B-FA0E-4076-A69A-E4906846AB01}"
EndProject
Project("{FAE04EC0-301F-11D3-BF4B-00C04F79EFBC}") = "Logger", "Logger\Logger.csproj", "{5E4C3064-8B71-4C43-8DB5-CA2328B19490}"
EndProject
Project("{FAE04EC0-301F-11D3-BF4B-00C04F79EFBC}") = "AccountCtrl2", "AccountCtrl2\AccountCtrl2.csproj", "{B4ECAE20-0CDC-419B-9F5C-66EBCFB4F2D0}"
EndProject
Project("{FAE04EC0-301F-11D3-BF4B-00C04F79EFBC}") = "AccountSelector", "AccountSelector\AccountSelector.csproj", "{50FA70D9-92DE-46E9-A164-D4D2625A1ECD}"
EndProject
Project("{FAE04EC0-301F-11D3-BF4B-00C04F79EFBC}") = "AssetMgr", "AssetMgr\AssetMgr.csproj", "{0D982C26-4D80-4175-9252-8B410E078BB5}"
EndProject
Project("{FAE04EC0-301F-11D3-BF4B-00C04F79EFBC}") = "FileShareCtrl", "FileShareCtrl\FileShareCtrl.csproj", "{219C4879-41B3-4658-9B1A-1CADCE05C54E}"
EndProject
Project("{FAE04EC0-301F-11D3-BF4B-00C04F79EFBC}") = "FileTreeCtrl", "FileTreeCtrl\FileTreeCtrl.csproj", "{3701971A-0C64-4278-B771-2A001149BA26}"
EndProject
Project("{FAE04EC0-301F-11D3-BF4B-00C04F79EFBC}") = "FileTreeCtrl2", "FileTreeCtrl2\FileTreeCtrl2.csproj", "{992282D3-585D-476C-B793-497C384ED944}"
EndProject
Project("{FAE04EC0-301F-11D3-BF4B-00C04F79EFBC}") = "WinReg", "WinReg\WinReg.csproj", "{97368F01-29D4-4BAD-9048-6766A3391938}"
EndProject
Project("{FAE04EC0-301F-11D3-BF4B-00C04F79EFBC}") = "MemoEditor", "MemoEditor\MemoEditor.csproj", "{168F6223-7977-4A0C-993C-CEFDAEB83D8F}"
EndProject
Project("{FAE04EC0-301F-11D3-BF4B-00C04F79EFBC}") = "MemoList", "MemoList\MemoList.csproj", "{E8822B04-5C88-4A05-8857-0C17E05CE38F}"
EndProject
Project("{FAE04EC0-301F-11D3-BF4B-00C04F79EFBC}") = "VideoPlayer2", "VideoPlayer2\VideoPlayer2.csproj", "{E4E4361E-A61E-4C99-86C5-22790170DCF1}"
EndProject
Project("{FAE04EC0-301F-11D3-BF4B-00C04F79EFBC}") = "ImgViewer", "ImgViewer\ImgViewer.csproj", "{88F3BBD1-8CD1-4498-843C-B18D25FF8E63}"
EndProject
Project("{FAE04EC0-301F-11D3-BF4B-00C04F79EFBC}") = "VMMapEngine", "VMMapEngine\VMMapEngine.csproj", "{C97125B4-B5E2-4598-9102-AF03CCA6A998}"
EndProject
Project("{FAE04EC0-301F-11D3-BF4B-00C04F79EFBC}") = "Compass", "Compass\Compass.csproj", "{7BB1C1A5-78F9-467C-8FB1-6E0007F7C72F}"
EndProject
Project("{FAE04EC0-301F-11D3-BF4B-00C04F79EFBC}") = "GlobalCat", "GlobalCat\GlobalCat.csproj", "{D571E802-2326-4045-925A-3AE40B8FCA92}"
EndProject
Project("{FAE04EC0-301F-11D3-BF4B-00C04F79EFBC}") = "IStudioPlugin", "IStudioPlugin\IStudioPlugin.csproj", "{B1B02800-B38C-4A31-9E81-96304E7F870D}"
EndProject
Project("{FAE04EC0-301F-11D3-BF4B-00C04F79EFBC}") = "VMStudio", "VMStudio\VMStudio.csproj", "{AC128230-3AAD-4A56-8C64-06C0B6FCEA71}"
EndProject
Project("{FAE04EC0-301F-11D3-BF4B-00C04F79EFBC}") = "VMSUtil", "VMSUtil\VMSUtil.csproj", "{A89258A6-CB48-4E71-B94F-2F925F0E67A9}"
EndProject
Project("{FAE04EC0-301F-11D3-BF4B-00C04F79EFBC}") = "HDP_Progressbar", "HDP_Progressbar\HDP_Progressbar.csproj", "{3C1C6799-6CFB-441F-A125-711A1637AE47}"
EndProject
Project("{FAE04EC0-301F-11D3-BF4B-00C04F79EFBC}") = "CDBurnCtrl", "CDBurnCtrl\CDBurnCtrl.csproj", "{C9F48676-45F7-4AFE-8D3E-1993D0480721}"
EndProject
Project("{FAE04EC0-301F-11D3-BF4B-00C04F79EFBC}") = "FileUpload", "FileUpload\FileUpload.csproj", "{58AD636A-DCEC-400D-AAF9-6CF70F794B89}"
EndProject
Project("{FAE04EC0-301F-11D3-BF4B-00C04F79EFBC}") = "PwdReset", "PwdReset\PwdReset.csproj", "{C73F15D8-E4BF-42AE-83DF-60D94C45177C}"
EndProject
Project("{FAE04EC0-301F-11D3-BF4B-00C04F79EFBC}") = "ExportMgr", "ExportMgr\ExportMgr.csproj", "{7F105DA6-BA03-47BB-9FCF-F4CC8552D501}"
EndProject
Project("{FAE04EC0-301F-11D3-BF4B-00C04F79EFBC}") = "SetTreeCtrl", "SetTreeCtrl\SetTreeCtrl.csproj", "{6D9B2AE2-F5D2-4699-A669-27B8EB435967}"
EndProject
Project("{FAE04EC0-301F-11D3-BF4B-00C04F79EFBC}") = "SlideCtrl2", "SlideCtrl2\SlideCtrl2.csproj", "{A657C62E-B4B2-45DC-851B-AA8752F5B4B7}"
EndProject
Project("{FAE04EC0-301F-11D3-BF4B-00C04F79EFBC}") = "ReportMgr", "ReportMgr\ReportMgr.csproj", "{9F47530E-574A-4ADC-846E-498BBD9942BC}"
EndProject
Global
	GlobalSection(SolutionConfigurationPlatforms) = preSolution
		Debug|Any CPU = Debug|Any CPU
		Release|Any CPU = Release|Any CPU
	EndGlobalSection
	GlobalSection(ProjectConfigurationPlatforms) = postSolution
		{93FCAAD1-BEED-44B7-B422-B6ADE34AB33F}.Debug|Any CPU.ActiveCfg = Debug|Any CPU
		{93FCAAD1-BEED-44B7-B422-B6ADE34AB33F}.Debug|Any CPU.Build.0 = Debug|Any CPU
		{93FCAAD1-BEED-44B7-B422-B6ADE34AB33F}.Release|Any CPU.ActiveCfg = Release|Any CPU
		{93FCAAD1-BEED-44B7-B422-B6ADE34AB33F}.Release|Any CPU.Build.0 = Release|Any CPU
		{E29BF9BA-3E01-4E3C-9C28-B517075CE0B6}.Debug|Any CPU.ActiveCfg = Debug|Any CPU
		{E29BF9BA-3E01-4E3C-9C28-B517075CE0B6}.Debug|Any CPU.Build.0 = Debug|Any CPU
		{E29BF9BA-3E01-4E3C-9C28-B517075CE0B6}.Release|Any CPU.ActiveCfg = Release|Any CPU
		{E29BF9BA-3E01-4E3C-9C28-B517075CE0B6}.Release|Any CPU.Build.0 = Release|Any CPU
		{6CC85F9F-A0E7-4DED-9E09-22DEC6D2CB5C}.Debug|Any CPU.ActiveCfg = Debug|Any CPU
		{6CC85F9F-A0E7-4DED-9E09-22DEC6D2CB5C}.Debug|Any CPU.Build.0 = Debug|Any CPU
		{6CC85F9F-A0E7-4DED-9E09-22DEC6D2CB5C}.Release|Any CPU.ActiveCfg = Release|Any CPU
		{6CC85F9F-A0E7-4DED-9E09-22DEC6D2CB5C}.Release|Any CPU.Build.0 = Release|Any CPU
		{887E5BE5-1FAE-47BE-954D-BD2855667DCA}.Debug|Any CPU.ActiveCfg = Debug|Any CPU
		{887E5BE5-1FAE-47BE-954D-BD2855667DCA}.Debug|Any CPU.Build.0 = Debug|Any CPU
		{887E5BE5-1FAE-47BE-954D-BD2855667DCA}.Release|Any CPU.ActiveCfg = Release|Any CPU
		{887E5BE5-1FAE-47BE-954D-BD2855667DCA}.Release|Any CPU.Build.0 = Release|Any CPU
		{52730AD8-14B1-4D0F-8EED-A9AA18FC5CBB}.Debug|Any CPU.ActiveCfg = Debug|Any CPU
		{52730AD8-14B1-4D0F-8EED-A9AA18FC5CBB}.Debug|Any CPU.Build.0 = Debug|Any CPU
		{52730AD8-14B1-4D0F-8EED-A9AA18FC5CBB}.Release|Any CPU.ActiveCfg = Release|Any CPU
		{52730AD8-14B1-4D0F-8EED-A9AA18FC5CBB}.Release|Any CPU.Build.0 = Release|Any CPU
		{EB59AA2B-FA0E-4076-A69A-E4906846AB01}.Debug|Any CPU.ActiveCfg = Debug|Any CPU
		{EB59AA2B-FA0E-4076-A69A-E4906846AB01}.Debug|Any CPU.Build.0 = Debug|Any CPU
		{EB59AA2B-FA0E-4076-A69A-E4906846AB01}.Release|Any CPU.ActiveCfg = Release|Any CPU
		{EB59AA2B-FA0E-4076-A69A-E4906846AB01}.Release|Any CPU.Build.0 = Release|Any CPU
		{5E4C3064-8B71-4C43-8DB5-CA2328B19490}.Debug|Any CPU.ActiveCfg = Debug|Any CPU
		{5E4C3064-8B71-4C43-8DB5-CA2328B19490}.Debug|Any CPU.Build.0 = Debug|Any CPU
		{5E4C3064-8B71-4C43-8DB5-CA2328B19490}.Release|Any CPU.ActiveCfg = Release|Any CPU
		{5E4C3064-8B71-4C43-8DB5-CA2328B19490}.Release|Any CPU.Build.0 = Release|Any CPU
		{B4ECAE20-0CDC-419B-9F5C-66EBCFB4F2D0}.Debug|Any CPU.ActiveCfg = Debug|Any CPU
		{B4ECAE20-0CDC-419B-9F5C-66EBCFB4F2D0}.Debug|Any CPU.Build.0 = Debug|Any CPU
		{B4ECAE20-0CDC-419B-9F5C-66EBCFB4F2D0}.Release|Any CPU.ActiveCfg = Release|Any CPU
		{B4ECAE20-0CDC-419B-9F5C-66EBCFB4F2D0}.Release|Any CPU.Build.0 = Release|Any CPU
		{50FA70D9-92DE-46E9-A164-D4D2625A1ECD}.Debug|Any CPU.ActiveCfg = Debug|Any CPU
		{50FA70D9-92DE-46E9-A164-D4D2625A1ECD}.Debug|Any CPU.Build.0 = Debug|Any CPU
		{50FA70D9-92DE-46E9-A164-D4D2625A1ECD}.Release|Any CPU.ActiveCfg = Release|Any CPU
		{50FA70D9-92DE-46E9-A164-D4D2625A1ECD}.Release|Any CPU.Build.0 = Release|Any CPU
		{0D982C26-4D80-4175-9252-8B410E078BB5}.Debug|Any CPU.ActiveCfg = Debug|Any CPU
		{0D982C26-4D80-4175-9252-8B410E078BB5}.Debug|Any CPU.Build.0 = Debug|Any CPU
		{0D982C26-4D80-4175-9252-8B410E078BB5}.Release|Any CPU.ActiveCfg = Release|Any CPU
		{0D982C26-4D80-4175-9252-8B410E078BB5}.Release|Any CPU.Build.0 = Release|Any CPU
		{219C4879-41B3-4658-9B1A-1CADCE05C54E}.Debug|Any CPU.ActiveCfg = Debug|Any CPU
		{219C4879-41B3-4658-9B1A-1CADCE05C54E}.Debug|Any CPU.Build.0 = Debug|Any CPU
		{219C4879-41B3-4658-9B1A-1CADCE05C54E}.Release|Any CPU.ActiveCfg = Release|Any CPU
		{219C4879-41B3-4658-9B1A-1CADCE05C54E}.Release|Any CPU.Build.0 = Release|Any CPU
		{3701971A-0C64-4278-B771-2A001149BA26}.Debug|Any CPU.ActiveCfg = Debug|Any CPU
		{3701971A-0C64-4278-B771-2A001149BA26}.Debug|Any CPU.Build.0 = Debug|Any CPU
		{3701971A-0C64-4278-B771-2A001149BA26}.Release|Any CPU.ActiveCfg = Release|Any CPU
		{3701971A-0C64-4278-B771-2A001149BA26}.Release|Any CPU.Build.0 = Release|Any CPU
		{992282D3-585D-476C-B793-497C384ED944}.Debug|Any CPU.ActiveCfg = Debug|Any CPU
		{992282D3-585D-476C-B793-497C384ED944}.Debug|Any CPU.Build.0 = Debug|Any CPU
		{992282D3-585D-476C-B793-497C384ED944}.Release|Any CPU.ActiveCfg = Release|Any CPU
		{992282D3-585D-476C-B793-497C384ED944}.Release|Any CPU.Build.0 = Release|Any CPU
		{97368F01-29D4-4BAD-9048-6766A3391938}.Debug|Any CPU.ActiveCfg = Debug|Any CPU
		{97368F01-29D4-4BAD-9048-6766A3391938}.Debug|Any CPU.Build.0 = Debug|Any CPU
		{97368F01-29D4-4BAD-9048-6766A3391938}.Release|Any CPU.ActiveCfg = Release|Any CPU
		{97368F01-29D4-4BAD-9048-6766A3391938}.Release|Any CPU.Build.0 = Release|Any CPU
		{168F6223-7977-4A0C-993C-CEFDAEB83D8F}.Debug|Any CPU.ActiveCfg = Debug|Any CPU
		{168F6223-7977-4A0C-993C-CEFDAEB83D8F}.Debug|Any CPU.Build.0 = Debug|Any CPU
		{168F6223-7977-4A0C-993C-CEFDAEB83D8F}.Release|Any CPU.ActiveCfg = Release|Any CPU
		{168F6223-7977-4A0C-993C-CEFDAEB83D8F}.Release|Any CPU.Build.0 = Release|Any CPU
		{E8822B04-5C88-4A05-8857-0C17E05CE38F}.Debug|Any CPU.ActiveCfg = Debug|Any CPU
		{E8822B04-5C88-4A05-8857-0C17E05CE38F}.Debug|Any CPU.Build.0 = Debug|Any CPU
		{E8822B04-5C88-4A05-8857-0C17E05CE38F}.Release|Any CPU.ActiveCfg = Release|Any CPU
		{E8822B04-5C88-4A05-8857-0C17E05CE38F}.Release|Any CPU.Build.0 = Release|Any CPU
		{E4E4361E-A61E-4C99-86C5-22790170DCF1}.Debug|Any CPU.ActiveCfg = Debug|Any CPU
		{E4E4361E-A61E-4C99-86C5-22790170DCF1}.Debug|Any CPU.Build.0 = Debug|Any CPU
		{E4E4361E-A61E-4C99-86C5-22790170DCF1}.Release|Any CPU.ActiveCfg = Release|Any CPU
		{E4E4361E-A61E-4C99-86C5-22790170DCF1}.Release|Any CPU.Build.0 = Release|Any CPU
		{88F3BBD1-8CD1-4498-843C-B18D25FF8E63}.Debug|Any CPU.ActiveCfg = Debug|Any CPU
		{88F3BBD1-8CD1-4498-843C-B18D25FF8E63}.Debug|Any CPU.Build.0 = Debug|Any CPU
		{88F3BBD1-8CD1-4498-843C-B18D25FF8E63}.Release|Any CPU.ActiveCfg = Release|Any CPU
		{88F3BBD1-8CD1-4498-843C-B18D25FF8E63}.Release|Any CPU.Build.0 = Release|Any CPU
		{C97125B4-B5E2-4598-9102-AF03CCA6A998}.Debug|Any CPU.ActiveCfg = Debug|Any CPU
		{C97125B4-B5E2-4598-9102-AF03CCA6A998}.Debug|Any CPU.Build.0 = Debug|Any CPU
		{C97125B4-B5E2-4598-9102-AF03CCA6A998}.Release|Any CPU.ActiveCfg = Release|Any CPU
		{C97125B4-B5E2-4598-9102-AF03CCA6A998}.Release|Any CPU.Build.0 = Release|Any CPU
		{7BB1C1A5-78F9-467C-8FB1-6E0007F7C72F}.Debug|Any CPU.ActiveCfg = Debug|Any CPU
		{7BB1C1A5-78F9-467C-8FB1-6E0007F7C72F}.Debug|Any CPU.Build.0 = Debug|Any CPU
		{7BB1C1A5-78F9-467C-8FB1-6E0007F7C72F}.Release|Any CPU.ActiveCfg = Release|Any CPU
		{7BB1C1A5-78F9-467C-8FB1-6E0007F7C72F}.Release|Any CPU.Build.0 = Release|Any CPU
		{D571E802-2326-4045-925A-3AE40B8FCA92}.Debug|Any CPU.ActiveCfg = Debug|Any CPU
		{D571E802-2326-4045-925A-3AE40B8FCA92}.Debug|Any CPU.Build.0 = Debug|Any CPU
		{D571E802-2326-4045-925A-3AE40B8FCA92}.Release|Any CPU.ActiveCfg = Release|Any CPU
		{D571E802-2326-4045-925A-3AE40B8FCA92}.Release|Any CPU.Build.0 = Release|Any CPU
		{B1B02800-B38C-4A31-9E81-96304E7F870D}.Debug|Any CPU.ActiveCfg = Debug|Any CPU
		{B1B02800-B38C-4A31-9E81-96304E7F870D}.Debug|Any CPU.Build.0 = Debug|Any CPU
		{B1B02800-B38C-4A31-9E81-96304E7F870D}.Release|Any CPU.ActiveCfg = Release|Any CPU
		{B1B02800-B38C-4A31-9E81-96304E7F870D}.Release|Any CPU.Build.0 = Release|Any CPU
		{AC128230-3AAD-4A56-8C64-06C0B6FCEA71}.Debug|Any CPU.ActiveCfg = Debug|Any CPU
		{AC128230-3AAD-4A56-8C64-06C0B6FCEA71}.Debug|Any CPU.Build.0 = Debug|Any CPU
		{AC128230-3AAD-4A56-8C64-06C0B6FCEA71}.Release|Any CPU.ActiveCfg = Release|Any CPU
		{AC128230-3AAD-4A56-8C64-06C0B6FCEA71}.Release|Any CPU.Build.0 = Release|Any CPU
		{A89258A6-CB48-4E71-B94F-2F925F0E67A9}.Debug|Any CPU.ActiveCfg = Debug|Any CPU
		{A89258A6-CB48-4E71-B94F-2F925F0E67A9}.Debug|Any CPU.Build.0 = Debug|Any CPU
		{A89258A6-CB48-4E71-B94F-2F925F0E67A9}.Release|Any CPU.ActiveCfg = Release|Any CPU
		{A89258A6-CB48-4E71-B94F-2F925F0E67A9}.Release|Any CPU.Build.0 = Release|Any CPU
		{3C1C6799-6CFB-441F-A125-711A1637AE47}.Debug|Any CPU.ActiveCfg = Debug|Any CPU
		{3C1C6799-6CFB-441F-A125-711A1637AE47}.Debug|Any CPU.Build.0 = Debug|Any CPU
		{3C1C6799-6CFB-441F-A125-711A1637AE47}.Release|Any CPU.ActiveCfg = Release|Any CPU
		{3C1C6799-6CFB-441F-A125-711A1637AE47}.Release|Any CPU.Build.0 = Release|Any CPU
		{C9F48676-45F7-4AFE-8D3E-1993D0480721}.Debug|Any CPU.ActiveCfg = Debug|Any CPU
		{C9F48676-45F7-4AFE-8D3E-1993D0480721}.Debug|Any CPU.Build.0 = Debug|Any CPU
		{C9F48676-45F7-4AFE-8D3E-1993D0480721}.Release|Any CPU.ActiveCfg = Release|Any CPU
		{C9F48676-45F7-4AFE-8D3E-1993D0480721}.Release|Any CPU.Build.0 = Release|Any CPU
		{58AD636A-DCEC-400D-AAF9-6CF70F794B89}.Debug|Any CPU.ActiveCfg = Debug|Any CPU
		{58AD636A-DCEC-400D-AAF9-6CF70F794B89}.Debug|Any CPU.Build.0 = Debug|Any CPU
		{58AD636A-DCEC-400D-AAF9-6CF70F794B89}.Release|Any CPU.ActiveCfg = Release|Any CPU
		{58AD636A-DCEC-400D-AAF9-6CF70F794B89}.Release|Any CPU.Build.0 = Release|Any CPU
		{C73F15D8-E4BF-42AE-83DF-60D94C45177C}.Debug|Any CPU.ActiveCfg = Debug|Any CPU
		{C73F15D8-E4BF-42AE-83DF-60D94C45177C}.Debug|Any CPU.Build.0 = Debug|Any CPU
		{C73F15D8-E4BF-42AE-83DF-60D94C45177C}.Release|Any CPU.ActiveCfg = Release|Any CPU
		{C73F15D8-E4BF-42AE-83DF-60D94C45177C}.Release|Any CPU.Build.0 = Release|Any CPU
		{7F105DA6-BA03-47BB-9FCF-F4CC8552D501}.Debug|Any CPU.ActiveCfg = Debug|Any CPU
		{7F105DA6-BA03-47BB-9FCF-F4CC8552D501}.Debug|Any CPU.Build.0 = Debug|Any CPU
		{7F105DA6-BA03-47BB-9FCF-F4CC8552D501}.Release|Any CPU.ActiveCfg = Release|Any CPU
		{7F105DA6-BA03-47BB-9FCF-F4CC8552D501}.Release|Any CPU.Build.0 = Release|Any CPU
		{6D9B2AE2-F5D2-4699-A669-27B8EB435967}.Debug|Any CPU.ActiveCfg = Debug|Any CPU
		{6D9B2AE2-F5D2-4699-A669-27B8EB435967}.Debug|Any CPU.Build.0 = Debug|Any CPU
		{6D9B2AE2-F5D2-4699-A669-27B8EB435967}.Release|Any CPU.ActiveCfg = Release|Any CPU
		{6D9B2AE2-F5D2-4699-A669-27B8EB435967}.Release|Any CPU.Build.0 = Release|Any CPU
		{A657C62E-B4B2-45DC-851B-AA8752F5B4B7}.Debug|Any CPU.ActiveCfg = Debug|Any CPU
		{A657C62E-B4B2-45DC-851B-AA8752F5B4B7}.Debug|Any CPU.Build.0 = Debug|Any CPU
		{A657C62E-B4B2-45DC-851B-AA8752F5B4B7}.Release|Any CPU.ActiveCfg = Release|Any CPU
		{A657C62E-B4B2-45DC-851B-AA8752F5B4B7}.Release|Any CPU.Build.0 = Release|Any CPU
		{9F47530E-574A-4ADC-846E-498BBD9942BC}.Debug|Any CPU.ActiveCfg = Debug|Any CPU
		{9F47530E-574A-4ADC-846E-498BBD9942BC}.Debug|Any CPU.Build.0 = Debug|Any CPU
		{9F47530E-574A-4ADC-846E-498BBD9942BC}.Release|Any CPU.ActiveCfg = Release|Any CPU
		{9F47530E-574A-4ADC-846E-498BBD9942BC}.Release|Any CPU.Build.0 = Release|Any CPU
	EndGlobalSection
	GlobalSection(SolutionProperties) = preSolution
		HideSolutionNode = FALSE
	EndGlobalSection
EndGlobal
