
Microsoft Visual Studio Solution File, Format Version 12.00
# Visual Studio 14
VisualStudioVersion = 14.0.25420.1
MinimumVisualStudioVersion = 10.0.40219.1
Project("{FAE04EC0-301F-11D3-BF4B-00C04F79EFBC}") = "VideoManager", "VideoManager\VideoManager.csproj", "{93FCAAD1-BEED-44B7-B422-B6ADE34AB33F}"
EndProject
Project("{FAE04EC0-301F-11D3-BF4B-00C04F79EFBC}") = "VMModels", "VMModels\VMModels.csproj", "{E29BF9BA-3E01-4E3C-9C28-B517075CE0B6}"
EndProject
Project("{FAE04EC0-301F-11D3-BF4B-00C04F79EFBC}") = "VMInterfaces", "VMInterfaces\VMInterfaces.csproj", "{6CC85F9F-A0E7-4DED-9E09-22DEC6D2CB5C}"
EndProject
Project("{FAE04EC0-301F-11D3-BF4B-00C04F79EFBC}") = "UploadCtrl", "UploadCtrl\UploadCtrl.csproj", "{887E5BE5-1FAE-47BE-954D-BD2855667DCA}"
EndProject
Project("{FAE04EC0-301F-11D3-BF4B-00C04F79EFBC}") = "Unity", "Unity\Unity.csproj", "{52730AD8-14B1-4D0F-8EED-A9AA18FC5CBB}"
EndProject
Project("{FAE04EC0-301F-11D3-BF4B-00C04F79EFBC}") = "AppGlobal", "AppGlobal\AppGlobal.csproj", "{EB59AA2B-FA0E-4076-A69A-E4906846AB01}"
EndProject
Project("{FAE04EC0-301F-11D3-BF4B-00C04F79EFBC}") = "Logger", "Logger\Logger.csproj", "{5E4C3064-8B71-4C43-8DB5-CA2328B19490}"
EndProject
Global
	GlobalSection(SolutionConfigurationPlatforms) = preSolution
		Debug|Any CPU = Debug|Any CPU
		Release|Any CPU = Release|Any CPU
	EndGlobalSection
	GlobalSection(ProjectConfigurationPlatforms) = postSolution
		{93FCAAD1-BEED-44B7-B422-B6ADE34AB33F}.Debug|Any CPU.ActiveCfg = Debug|Any CPU
		{93FCAAD1-BEED-44B7-B422-B6ADE34AB33F}.Debug|Any CPU.Build.0 = Debug|Any CPU
		{93FCAAD1-BEED-44B7-B422-B6ADE34AB33F}.Release|Any CPU.ActiveCfg = Release|Any CPU
		{93FCAAD1-BEED-44B7-B422-B6ADE34AB33F}.Release|Any CPU.Build.0 = Release|Any CPU
		{E29BF9BA-3E01-4E3C-9C28-B517075CE0B6}.Debug|Any CPU.ActiveCfg = Debug|Any CPU
		{E29BF9BA-3E01-4E3C-9C28-B517075CE0B6}.Debug|Any CPU.Build.0 = Debug|Any CPU
		{E29BF9BA-3E01-4E3C-9C28-B517075CE0B6}.Release|Any CPU.ActiveCfg = Release|Any CPU
		{E29BF9BA-3E01-4E3C-9C28-B517075CE0B6}.Release|Any CPU.Build.0 = Release|Any CPU
		{6CC85F9F-A0E7-4DED-9E09-22DEC6D2CB5C}.Debug|Any CPU.ActiveCfg = Debug|Any CPU
		{6CC85F9F-A0E7-4DED-9E09-22DEC6D2CB5C}.Debug|Any CPU.Build.0 = Debug|Any CPU
		{6CC85F9F-A0E7-4DED-9E09-22DEC6D2CB5C}.Release|Any CPU.ActiveCfg = Release|Any CPU
		{6CC85F9F-A0E7-4DED-9E09-22DEC6D2CB5C}.Release|Any CPU.Build.0 = Release|Any CPU
		{887E5BE5-1FAE-47BE-954D-BD2855667DCA}.Debug|Any CPU.ActiveCfg = Debug|Any CPU
		{887E5BE5-1FAE-47BE-954D-BD2855667DCA}.Debug|Any CPU.Build.0 = Debug|Any CPU
		{887E5BE5-1FAE-47BE-954D-BD2855667DCA}.Release|Any CPU.ActiveCfg = Release|Any CPU
		{887E5BE5-1FAE-47BE-954D-BD2855667DCA}.Release|Any CPU.Build.0 = Release|Any CPU
		{52730AD8-14B1-4D0F-8EED-A9AA18FC5CBB}.Debug|Any CPU.ActiveCfg = Debug|Any CPU
		{52730AD8-14B1-4D0F-8EED-A9AA18FC5CBB}.Debug|Any CPU.Build.0 = Debug|Any CPU
		{52730AD8-14B1-4D0F-8EED-A9AA18FC5CBB}.Release|Any CPU.ActiveCfg = Release|Any CPU
		{52730AD8-14B1-4D0F-8EED-A9AA18FC5CBB}.Release|Any CPU.Build.0 = Release|Any CPU
		{EB59AA2B-FA0E-4076-A69A-E4906846AB01}.Debug|Any CPU.ActiveCfg = Debug|Any CPU
		{EB59AA2B-FA0E-4076-A69A-E4906846AB01}.Debug|Any CPU.Build.0 = Debug|Any CPU
		{EB59AA2B-FA0E-4076-A69A-E4906846AB01}.Release|Any CPU.ActiveCfg = Release|Any CPU
		{EB59AA2B-FA0E-4076-A69A-E4906846AB01}.Release|Any CPU.Build.0 = Release|Any CPU
		{5E4C3064-8B71-4C43-8DB5-CA2328B19490}.Debug|Any CPU.ActiveCfg = Debug|Any CPU
		{5E4C3064-8B71-4C43-8DB5-CA2328B19490}.Debug|Any CPU.Build.0 = Debug|Any CPU
		{5E4C3064-8B71-4C43-8DB5-CA2328B19490}.Release|Any CPU.ActiveCfg = Release|Any CPU
		{5E4C3064-8B71-4C43-8DB5-CA2328B19490}.Release|Any CPU.Build.0 = Release|Any CPU
	EndGlobalSection
	GlobalSection(SolutionProperties) = preSolution
		HideSolutionNode = FALSE
	EndGlobalSection
EndGlobal
